
Microsoft Visual Studio Solution File, Format Version 12.00
# Visual Studio Version 16
VisualStudioVersion = 16.0.34031.81
MinimumVisualStudioVersion = 10.0.40219.1
Project("{FAE04EC0-301F-11D3-BF4B-00C04F79EFBC}") = "Farm_Management_System", "Farm_Management_System.csproj", "{78BED28E-8698-443C-94A3-809D8F69A451}"
EndProject
Global
	GlobalSection(SolutionConfigurationPlatforms) = preSolution
		Debug|Any CPU = Debug|Any CPU
		Release|Any CPU = Release|Any CPU
	EndGlobalSection
	GlobalSection(ProjectConfigurationPlatforms) = postSolution
		{78BED28E-8698-443C-94A3-809D8F69A451}.Debug|Any CPU.ActiveCfg = Debug|Any CPU
		{78BED28E-8698-443C-94A3-809D8F69A451}.Debug|Any CPU.Build.0 = Debug|Any CPU
		{78BED28E-8698-443C-94A3-809D8F69A451}.Release|Any CPU.ActiveCfg = Release|Any CPU
		{78BED28E-8698-443C-94A3-809D8F69A451}.Release|Any CPU.Build.0 = Release|Any CPU
	EndGlobalSection
	GlobalSection(SolutionProperties) = preSolution
		HideSolutionNode = FALSE
	EndGlobalSection
	GlobalSection(ExtensibilityGlobals) = postSolution
		SolutionGuid = {AD720B10-0B52-4AE5-8B9E-9A8598B88F80}
	EndGlobalSection
EndGlobal
